
Microsoft Visual Studio Solution File, Format Version 12.00
# Visual Studio 15
VisualStudioVersion = 15.0.28307.852
MinimumVisualStudioVersion = 10.0.40219.1
Project("{FAE04EC0-301F-11D3-BF4B-00C04F79EFBC}") = "MyLog.DomainLogic", "MyLog.DomainLogic\MyLog.DomainLogic.csproj", "{56535BB4-2522-429F-8F9A-78137376FE56}"
EndProject
Project("{FAE04EC0-301F-11D3-BF4B-00C04F79EFBC}") = "MyLog.ApplicationLogic", "MyLog.ApplicationLogic\MyLog.ApplicationLogic.csproj", "{002871B5-846B-416A-801E-6ACFD79C7005}"
EndProject
Project("{FAE04EC0-301F-11D3-BF4B-00C04F79EFBC}") = "UTLog", "UTLog\UTLog.csproj", "{965C76D7-F1D8-4D7E-9990-A6518F4FD95A}"
EndProject
Global
	GlobalSection(SolutionConfigurationPlatforms) = preSolution
		Debug|Any CPU = Debug|Any CPU
		Release|Any CPU = Release|Any CPU
	EndGlobalSection
	GlobalSection(ProjectConfigurationPlatforms) = postSolution
		{56535BB4-2522-429F-8F9A-78137376FE56}.Debug|Any CPU.ActiveCfg = Debug|Any CPU
		{56535BB4-2522-429F-8F9A-78137376FE56}.Debug|Any CPU.Build.0 = Debug|Any CPU
		{56535BB4-2522-429F-8F9A-78137376FE56}.Release|Any CPU.ActiveCfg = Release|Any CPU
		{56535BB4-2522-429F-8F9A-78137376FE56}.Release|Any CPU.Build.0 = Release|Any CPU
		{002871B5-846B-416A-801E-6ACFD79C7005}.Debug|Any CPU.ActiveCfg = Debug|Any CPU
		{002871B5-846B-416A-801E-6ACFD79C7005}.Debug|Any CPU.Build.0 = Debug|Any CPU
		{002871B5-846B-416A-801E-6ACFD79C7005}.Release|Any CPU.ActiveCfg = Release|Any CPU
		{002871B5-846B-416A-801E-6ACFD79C7005}.Release|Any CPU.Build.0 = Release|Any CPU
		{965C76D7-F1D8-4D7E-9990-A6518F4FD95A}.Debug|Any CPU.ActiveCfg = Debug|Any CPU
		{965C76D7-F1D8-4D7E-9990-A6518F4FD95A}.Debug|Any CPU.Build.0 = Debug|Any CPU
		{965C76D7-F1D8-4D7E-9990-A6518F4FD95A}.Release|Any CPU.ActiveCfg = Release|Any CPU
		{965C76D7-F1D8-4D7E-9990-A6518F4FD95A}.Release|Any CPU.Build.0 = Release|Any CPU
	EndGlobalSection
	GlobalSection(SolutionProperties) = preSolution
		HideSolutionNode = FALSE
	EndGlobalSection
	GlobalSection(ExtensibilityGlobals) = postSolution
		SolutionGuid = {2F6D5422-009E-4880-9075-48E40EED08A2}
	EndGlobalSection
EndGlobal
